// !$*UTF8*$!
{
	archiveVersion = 1;
	classes = {
	};
	objectVersion = 50;
	objects = {

/* Begin PBXBuildFile section */
		F7FBCC51223927C8008E1366 /* AppDelegate.m in Sources */ = {isa = PBXBuildFile; fileRef = F7FBCC50223927C8008E1366 /* AppDelegate.m */; };
		F7FBCC54223927C8008E1366 /* ViewController.m in Sources */ = {isa = PBXBuildFile; fileRef = F7FBCC53223927C8008E1366 /* ViewController.m */; };
		F7FBCC57223927C8008E1366 /* Main.storyboard in Resources */ = {isa = PBXBuildFile; fileRef = F7FBCC55223927C8008E1366 /* Main.storyboard */; };
		F7FBCC59223927C9008E1366 /* Assets.xcassets in Resources */ = {isa = PBXBuildFile; fileRef = F7FBCC58223927C9008E1366 /* Assets.xcassets */; };
		F7FBCC5C223927C9008E1366 /* LaunchScreen.storyboard in Resources */ = {isa = PBXBuildFile; fileRef = F7FBCC5A223927C9008E1366 /* LaunchScreen.storyboard */; };
		F7FBCC5F223927C9008E1366 /* main.m in Sources */ = {isa = PBXBuildFile; fileRef = F7FBCC5E223927C9008E1366 /* main.m */; };
		F7FBCC69223927C9008E1366 /* Demo1Tests.m in Sources */ = {isa = PBXBuildFile; fileRef = F7FBCC68223927C9008E1366 /* Demo1Tests.m */; };
		F7FBCC74223927C9008E1366 /* Demo1UITests.m in Sources */ = {isa = PBXBuildFile; fileRef = F7FBCC73223927C9008E1366 /* Demo1UITests.m */; };
/* End PBXBuildFile section */

/* Begin PBXContainerItemProxy section */
		F7FBCC65223927C9008E1366 /* PBXContainerItemProxy */ = {
			isa = PBXContainerItemProxy;
			containerPortal = F7FBCC44223927C8008E1366 /* Project object */;
			proxyType = 1;
			remoteGlobalIDString = F7FBCC4B223927C8008E1366;
			remoteInfo = Demo1;
		};
		F7FBCC70223927C9008E1366 /* PBXContainerItemProxy */ = {
			isa = PBXContainerItemProxy;
			containerPortal = F7FBCC44223927C8008E1366 /* Project object */;
			proxyType = 1;
			remoteGlobalIDString = F7FBCC4B223927C8008E1366;
			remoteInfo = Demo1;
		};
/* End PBXContainerItemProxy section */

/* Begin PBXFileReference section */
		F7FBCC4C223927C8008E1366 /* Demo1.app */ = {isa = PBXFileReference; explicitFileType = wrapper.application; includeInIndex = 0; path = Demo1.app; sourceTree = BUILT_PRODUCTS_DIR; };
		F7FBCC4F223927C8008E1366 /* AppDelegate.h */ = {isa = PBXFileReference; lastKnownFileType = sourcecode.c.h; path = AppDelegate.h; sourceTree = "<group>"; };
		F7FBCC50223927C8008E1366 /* AppDelegate.m */ = {isa = PBXFileReference; lastKnownFileType = sourcecode.c.objc; path = AppDelegate.m; sourceTree = "<group>"; };
		F7FBCC52223927C8008E1366 /* ViewController.h */ = {isa = PBXFileReference; lastKnownFileType = sourcecode.c.h; path = ViewController.h; sourceTree = "<group>"; };
		F7FBCC53223927C8008E1366 /* ViewController.m */ = {isa = PBXFileReference; lastKnownFileType = sourcecode.c.objc; path = ViewController.m; sourceTree = "<group>"; };
		F7FBCC56223927C8008E1366 /* Base */ = {isa = PBXFileReference; lastKnownFileType = file.storyboard; name = Base; path = Base.lproj/Main.storyboard; sourceTree = "<group>"; };
		F7FBCC58223927C9008E1366 /* Assets.xcassets */ = {isa = PBXFileReference; lastKnownFileType = folder.assetcatalog; path = Assets.xcassets; sourceTree = "<group>"; };
		F7FBCC5B223927C9008E1366 /* Base */ = {isa = PBXFileReference; lastKnownFileType = file.storyboard; name = Base; path = Base.lproj/LaunchScreen.storyboard; sourceTree = "<group>"; };
		F7FBCC5D223927C9008E1366 /* Info.plist */ = {isa = PBXFileReference; lastKnownFileType = text.plist.xml; path = Info.plist; sourceTree = "<group>"; };
		F7FBCC5E223927C9008E1366 /* main.m */ = {isa = PBXFileReference; lastKnownFileType = sourcecode.c.objc; path = main.m; sourceTree = "<group>"; };
		F7FBCC64223927C9008E1366 /* Demo1Tests.xctest */ = {isa = PBXFileReference; explicitFileType = wrapper.cfbundle; includeInIndex = 0; path = Demo1Tests.xctest; sourceTree = BUILT_PRODUCTS_DIR; };
		F7FBCC68223927C9008E1366 /* Demo1Tests.m */ = {isa = PBXFileReference; lastKnownFileType = sourcecode.c.objc; path = Demo1Tests.m; sourceTree = "<group>"; };
		F7FBCC6A223927C9008E1366 /* Info.plist */ = {isa = PBXFileReference; lastKnownFileType = text.plist.xml; path = Info.plist; sourceTree = "<group>"; };
		F7FBCC6F223927C9008E1366 /* Demo1UITests.xctest */ = {isa = PBXFileReference; explicitFileType = wrapper.cfbundle; includeInIndex = 0; path = Demo1UITests.xctest; sourceTree = BUILT_PRODUCTS_DIR; };
		F7FBCC73223927C9008E1366 /* Demo1UITests.m */ = {isa = PBXFileReference; lastKnownFileType = sourcecode.c.objc; path = Demo1UITests.m; sourceTree = "<group>"; };
		F7FBCC75223927C9008E1366 /* Info.plist */ = {isa = PBXFileReference; lastKnownFileType = text.plist.xml; path = Info.plist; sourceTree = "<group>"; };
/* End PBXFileReference section */

/* Begin PBXFrameworksBuildPhase section */
		F7FBCC49223927C8008E1366 /* Frameworks */ = {
			isa = PBXFrameworksBuildPhase;
			buildActionMask = 2147483647;
			files = (
			);
			runOnlyForDeploymentPostprocessing = 0;
		};
		F7FBCC61223927C9008E1366 /* Frameworks */ = {
			isa = PBXFrameworksBuildPhase;
			buildActionMask = 2147483647;
			files = (
			);
			runOnlyForDeploymentPostprocessing = 0;
		};
		F7FBCC6C223927C9008E1366 /* Frameworks */ = {
			isa = PBXFrameworksBuildPhase;
			buildActionMask = 2147483647;
			files = (
			);
			runOnlyForDeploymentPostprocessing = 0;
		};
/* End PBXFrameworksBuildPhase section */

/* Begin PBXGroup section */
		F7FBCC43223927C8008E1366 = {
			isa = PBXGroup;
			children = (
				F7FBCC4E223927C8008E1366 /* Demo1 */,
				F7FBCC67223927C9008E1366 /* Demo1Tests */,
				F7FBCC72223927C9008E1366 /* Demo1UITests */,
				F7FBCC4D223927C8008E1366 /* Products */,
			);
			sourceTree = "<group>";
		};
		F7FBCC4D223927C8008E1366 /* Products */ = {
			isa = PBXGroup;
			children = (
				F7FBCC4C223927C8008E1366 /* Demo1.app */,
				F7FBCC64223927C9008E1366 /* Demo1Tests.xctest */,
				F7FBCC6F223927C9008E1366 /* Demo1UITests.xctest */,
			);
			name = Products;
			sourceTree = "<group>";
		};
		F7FBCC4E223927C8008E1366 /* Demo1 */ = {
			isa = PBXGroup;
			children = (
				F7FBCC4F223927C8008E1366 /* AppDelegate.h */,
				F7FBCC50223927C8008E1366 /* AppDelegate.m */,
				F7FBCC52223927C8008E1366 /* ViewController.h */,
				F7FBCC53223927C8008E1366 /* ViewController.m */,
				F7FBCC55223927C8008E1366 /* Main.storyboard */,
				F7FBCC58223927C9008E1366 /* Assets.xcassets */,
				F7FBCC5A223927C9008E1366 /* LaunchScreen.storyboard */,
				F7FBCC5D223927C9008E1366 /* Info.plist */,
				F7FBCC5E223927C9008E1366 /* main.m */,
			);
			path = Demo1;
			sourceTree = "<group>";
		};
		F7FBCC67223927C9008E1366 /* Demo1Tests */ = {
			isa = PBXGroup;
			children = (
				F7FBCC68223927C9008E1366 /* Demo1Tests.m */,
				F7FBCC6A223927C9008E1366 /* Info.plist */,
			);
			path = Demo1Tests;
			sourceTree = "<group>";
		};
		F7FBCC72223927C9008E1366 /* Demo1UITests */ = {
			isa = PBXGroup;
			children = (
				F7FBCC73223927C9008E1366 /* Demo1UITests.m */,
				F7FBCC75223927C9008E1366 /* Info.plist */,
			);
			path = Demo1UITests;
			sourceTree = "<group>";
		};
/* End PBXGroup section */

/* Begin PBXNativeTarget section */
		F7FBCC4B223927C8008E1366 /* Demo1 */ = {
			isa = PBXNativeTarget;
			buildConfigurationList = F7FBCC78223927C9008E1366 /* Build configuration list for PBXNativeTarget "Demo1" */;
			buildPhases = (
				F7FBCC48223927C8008E1366 /* Sources */,
				F7FBCC49223927C8008E1366 /* Frameworks */,
				F7FBCC4A223927C8008E1366 /* Resources */,
			);
			buildRules = (
			);
			dependencies = (
			);
			name = Demo1;
			productName = Demo1;
			productReference = F7FBCC4C223927C8008E1366 /* Demo1.app */;
			productType = "com.apple.product-type.application";
		};
		F7FBCC63223927C9008E1366 /* Demo1Tests */ = {
			isa = PBXNativeTarget;
			buildConfigurationList = F7FBCC7B223927C9008E1366 /* Build configuration list for PBXNativeTarget "Demo1Tests" */;
			buildPhases = (
				F7FBCC60223927C9008E1366 /* Sources */,
				F7FBCC61223927C9008E1366 /* Frameworks */,
				F7FBCC62223927C9008E1366 /* Resources */,
			);
			buildRules = (
			);
			dependencies = (
				F7FBCC66223927C9008E1366 /* PBXTargetDependency */,
			);
			name = Demo1Tests;
			productName = Demo1Tests;
			productReference = F7FBCC64223927C9008E1366 /* Demo1Tests.xctest */;
			productType = "com.apple.product-type.bundle.unit-test";
		};
		F7FBCC6E223927C9008E1366 /* Demo1UITests */ = {
			isa = PBXNativeTarget;
			buildConfigurationList = F7FBCC7E223927C9008E1366 /* Build configuration list for PBXNativeTarget "Demo1UITests" */;
			buildPhases = (
				F7FBCC6B223927C9008E1366 /* Sources */,
				F7FBCC6C223927C9008E1366 /* Frameworks */,
				F7FBCC6D223927C9008E1366 /* Resources */,
			);
			buildRules = (
			);
			dependencies = (
				F7FBCC71223927C9008E1366 /* PBXTargetDependency */,
			);
			name = Demo1UITests;
			productName = Demo1UITests;
			productReference = F7FBCC6F223927C9008E1366 /* Demo1UITests.xctest */;
			productType = "com.apple.product-type.bundle.ui-testing";
		};
/* End PBXNativeTarget section */

/* Begin PBXProject section */
		F7FBCC44223927C8008E1366 /* Project object */ = {
			isa = PBXProject;
			attributes = {
				LastUpgradeCheck = 1010;
				ORGANIZATIONNAME = DengBin;
				TargetAttributes = {
					F7FBCC4B223927C8008E1366 = {
						CreatedOnToolsVersion = 10.1;
					};
					F7FBCC63223927C9008E1366 = {
						CreatedOnToolsVersion = 10.1;
						TestTargetID = F7FBCC4B223927C8008E1366;
					};
					F7FBCC6E223927C9008E1366 = {
						CreatedOnToolsVersion = 10.1;
						TestTargetID = F7FBCC4B223927C8008E1366;
					};
				};
			};
			buildConfigurationList = F7FBCC47223927C8008E1366 /* Build configuration list for PBXProject "Demo1" */;
			compatibilityVersion = "Xcode 9.3";
			developmentRegion = en;
			hasScannedForEncodings = 0;
			knownRegions = (
				en,
				Base,
			);
			mainGroup = F7FBCC43223927C8008E1366;
			productRefGroup = F7FBCC4D223927C8008E1366 /* Products */;
			projectDirPath = "";
			projectRoot = "";
			targets = (
				F7FBCC4B223927C8008E1366 /* Demo1 */,
				F7FBCC63223927C9008E1366 /* Demo1Tests */,
				F7FBCC6E223927C9008E1366 /* Demo1UITests */,
			);
		};
/* End PBXProject section */

/* Begin PBXResourcesBuildPhase section */
		F7FBCC4A223927C8008E1366 /* Resources */ = {
			isa = PBXResourcesBuildPhase;
			buildActionMask = 2147483647;
			files = (
				F7FBCC5C223927C9008E1366 /* LaunchScreen.storyboard in Resources */,
				F7FBCC59223927C9008E1366 /* Assets.xcassets in Resources */,
				F7FBCC57223927C8008E1366 /* Main.storyboard in Resources */,
			);
			runOnlyForDeploymentPostprocessing = 0;
		};
		F7FBCC62223927C9008E1366 /* Resources */ = {
			isa = PBXResourcesBuildPhase;
			buildActionMask = 2147483647;
			files = (
			);
			runOnlyForDeploymentPostprocessing = 0;
		};
		F7FBCC6D223927C9008E1366 /* Resources */ = {
			isa = PBXResourcesBuildPhase;
			buildActionMask = 2147483647;
			files = (
			);
			runOnlyForDeploymentPostprocessing = 0;
		};
/* End PBXResourcesBuildPhase section */

/* Begin PBXSourcesBuildPhase section */
		F7FBCC48223927C8008E1366 /* Sources */ = {
			isa = PBXSourcesBuildPhase;
			buildActionMask = 2147483647;
			files = (
				F7FBCC54223927C8008E1366 /* ViewController.m in Sources */,
				F7FBCC5F223927C9008E1366 /* main.m in Sources */,
				F7FBCC51223927C8008E1366 /* AppDelegate.m in Sources */,
			);
			runOnlyForDeploymentPostprocessing = 0;
		};
		F7FBCC60223927C9008E1366 /* Sources */ = {
			isa = PBXSourcesBuildPhase;
			buildActionMask = 2147483647;
			files = (
				F7FBCC69223927C9008E1366 /* Demo1Tests.m in Sources */,
			);
			runOnlyForDeploymentPostprocessing = 0;
		};
		F7FBCC6B223927C9008E1366 /* Sources */ = {
			isa = PBXSourcesBuildPhase;
			buildActionMask = 2147483647;
			files = (
				F7FBCC74223927C9008E1366 /* Demo1UITests.m in Sources */,
			);
			runOnlyForDeploymentPostprocessing = 0;
		};
/* End PBXSourcesBuildPhase section */

/* Begin PBXTargetDependency section */
		F7FBCC66223927C9008E1366 /* PBXTargetDependency */ = {
			isa = PBXTargetDependency;
			target = F7FBCC4B223927C8008E1366 /* Demo1 */;
			targetProxy = F7FBCC65223927C9008E1366 /* PBXContainerItemProxy */;
		};
		F7FBCC71223927C9008E1366 /* PBXTargetDependency */ = {
			isa = PBXTargetDependency;
			target = F7FBCC4B223927C8008E1366 /* Demo1 */;
			targetProxy = F7FBCC70223927C9008E1366 /* PBXContainerItemProxy */;
		};
/* End PBXTargetDependency section */

/* Begin PBXVariantGroup section */
		F7FBCC55223927C8008E1366 /* Main.storyboard */ = {
			isa = PBXVariantGroup;
			children = (
				F7FBCC56223927C8008E1366 /* Base */,
			);
			name = Main.storyboard;
			sourceTree = "<group>";
		};
		F7FBCC5A223927C9008E1366 /* LaunchScreen.storyboard */ = {
			isa = PBXVariantGroup;
			children = (
				F7FBCC5B223927C9008E1366 /* Base */,
			);
			name = LaunchScreen.storyboard;
			sourceTree = "<group>";
		};
/* End PBXVariantGroup section */

/* Begin XCBuildConfiguration section */
		F7FBCC76223927C9008E1366 /* Debug */ = {
			isa = XCBuildConfiguration;
			buildSettings = {
				ALWAYS_SEARCH_USER_PATHS = NO;
				CLANG_ANALYZER_NONNULL = YES;
				CLANG_ANALYZER_NUMBER_OBJECT_CONVERSION = YES_AGGRESSIVE;
				CLANG_CXX_LANGUAGE_STANDARD = "gnu++14";
				CLANG_CXX_LIBRARY = "libc++";
				CLANG_ENABLE_MODULES = YES;
				CLANG_ENABLE_OBJC_ARC = YES;
				CLANG_ENABLE_OBJC_WEAK = YES;
				CLANG_WARN_BLOCK_CAPTURE_AUTORELEASING = YES;
				CLANG_WARN_BOOL_CONVERSION = YES;
				CLANG_WARN_COMMA = YES;
				CLANG_WARN_CONSTANT_CONVERSION = YES;
				CLANG_WARN_DEPRECATED_OBJC_IMPLEMENTATIONS = YES;
				CLANG_WARN_DIRECT_OBJC_ISA_USAGE = YES_ERROR;
				CLANG_WARN_DOCUMENTATION_COMMENTS = YES;
				CLANG_WARN_EMPTY_BODY = YES;
				CLANG_WARN_ENUM_CONVERSION = YES;
				CLANG_WARN_INFINITE_RECURSION = YES;
				CLANG_WARN_INT_CONVERSION = YES;
				CLANG_WARN_NON_LITERAL_NULL_CONVERSION = YES;
				CLANG_WARN_OBJC_IMPLICIT_RETAIN_SELF = YES;
				CLANG_WARN_OBJC_LITERAL_CONVERSION = YES;
				CLANG_WARN_OBJC_ROOT_CLASS = YES_ERROR;
				CLANG_WARN_RANGE_LOOP_ANALYSIS = YES;
				CLANG_WARN_STRICT_PROTOTYPES = YES;
				CLANG_WARN_SUSPICIOUS_MOVE = YES;
				CLANG_WARN_UNGUARDED_AVAILABILITY = YES_AGGRESSIVE;
				CLANG_WARN_UNREACHABLE_CODE = YES;
				CLANG_WARN__DUPLICATE_METHOD_MATCH = YES;
				CODE_SIGN_IDENTITY = "iPhone Developer";
				COPY_PHASE_STRIP = NO;
				DEBUG_INFORMATION_FORMAT = dwarf;
				ENABLE_STRICT_OBJC_MSGSEND = YES;
				ENABLE_TESTABILITY = YES;
				GCC_C_LANGUAGE_STANDARD = gnu11;
				GCC_DYNAMIC_NO_PIC = NO;
				GCC_NO_COMMON_BLOCKS = YES;
				GCC_OPTIMIZATION_LEVEL = 0;
				GCC_PREPROCESSOR_DEFINITIONS = (
					"DEBUG=1",
					"$(inherited)",
				);
				GCC_WARN_64_TO_32_BIT_CONVERSION = YES;
				GCC_WARN_ABOUT_RETURN_TYPE = YES_ERROR;
				GCC_WARN_UNDECLARED_SELECTOR = YES;
				GCC_WARN_UNINITIALIZED_AUTOS = YES_AGGRESSIVE;
				GCC_WARN_UNUSED_FUNCTION = YES;
				GCC_WARN_UNUSED_VARIABLE = YES;
				IPHONEOS_DEPLOYMENT_TARGET = 12.1;
				MTL_ENABLE_DEBUG_INFO = INCLUDE_SOURCE;
				MTL_FAST_MATH = YES;
				ONLY_ACTIVE_ARCH = YES;
				SDKROOT = iphoneos;
			};
			name = Debug;
		};
		F7FBCC77223927C9008E1366 /* Release */ = {
			isa = XCBuildConfiguration;
			buildSettings = {
				ALWAYS_SEARCH_USER_PATHS = NO;
				CLANG_ANALYZER_NONNULL = YES;
				CLANG_ANALYZER_NUMBER_OBJECT_CONVERSION = YES_AGGRESSIVE;
				CLANG_CXX_LANGUAGE_STANDARD = "gnu++14";
				CLANG_CXX_LIBRARY = "libc++";
				CLANG_ENABLE_MODULES = YES;
				CLANG_ENABLE_OBJC_ARC = YES;
				CLANG_ENABLE_OBJC_WEAK = YES;
				CLANG_WARN_BLOCK_CAPTURE_AUTORELEASING = YES;
				CLANG_WARN_BOOL_CONVERSION = YES;
				CLANG_WARN_COMMA = YES;
				CLANG_WARN_CONSTANT_CONVERSION = YES;
				CLANG_WARN_DEPRECATED_OBJC_IMPLEMENTATIONS = YES;
				CLANG_WARN_DIRECT_OBJC_ISA_USAGE = YES_ERROR;
				CLANG_WARN_DOCUMENTATION_COMMENTS = YES;
				CLANG_WARN_EMPTY_BODY = YES;
				CLANG_WARN_ENUM_CONVERSION = YES;
				CLANG_WARN_INFINITE_RECURSION = YES;
				CLANG_WARN_INT_CONVERSION = YES;
				CLANG_WARN_NON_LITERAL_NULL_CONVERSION = YES;
				CLANG_WARN_OBJC_IMPLICIT_RETAIN_SELF = YES;
				CLANG_WARN_OBJC_LITERAL_CONVERSION = YES;
				CLANG_WARN_OBJC_ROOT_CLASS = YES_ERROR;
				CLANG_WARN_RANGE_LOOP_ANALYSIS = YES;
				CLANG_WARN_STRICT_PROTOTYPES = YES;
				CLANG_WARN_SUSPICIOUS_MOVE = YES;
				CLANG_WARN_UNGUARDED_AVAILABILITY = YES_AGGRESSIVE;
				CLANG_WARN_UNREACHABLE_CODE = YES;
				CLANG_WARN__DUPLICATE_METHOD_MATCH = YES;
				CODE_SIGN_IDENTITY = "iPhone Developer";
				COPY_PHASE_STRIP = NO;
				DEBUG_INFORMATION_FORMAT = "dwarf-with-dsym";
				ENABLE_NS_ASSERTIONS = NO;
				ENABLE_STRICT_OBJC_MSGSEND = YES;
				GCC_C_LANGUAGE_STANDARD = gnu11;
				GCC_NO_COMMON_BLOCKS = YES;
				GCC_WARN_64_TO_32_BIT_CONVERSION = YES;
				GCC_WARN_ABOUT_RETURN_TYPE = YES_ERROR;
				GCC_WARN_UNDECLARED_SELECTOR = YES;
				GCC_WARN_UNINITIALIZED_AUTOS = YES_AGGRESSIVE;
				GCC_WARN_UNUSED_FUNCTION = YES;
				GCC_WARN_UNUSED_VARIABLE = YES;
				IPHONEOS_DEPLOYMENT_TARGET = 12.1;
				MTL_ENABLE_DEBUG_INFO = NO;
				MTL_FAST_MATH = YES;
				SDKROOT = iphoneos;
				VALIDATE_PRODUCT = YES;
			};
			name = Release;
		};
		F7FBCC79223927C9008E1366 /* Debug */ = {
			isa = XCBuildConfiguration;
			buildSettings = {
				ASSETCATALOG_COMPILER_APPICON_NAME = AppIcon;
				CODE_SIGN_STYLE = Automatic;
				DEVELOPMENT_TEAM = FG83S5U636;
				INFOPLIST_FILE = Demo1/Info.plist;
				IPHONEOS_DEPLOYMENT_TARGET = 8.0;
				LD_RUNPATH_SEARCH_PATHS = (
					"$(inherited)",
					"@executable_path/Frameworks",
				);
				PRODUCT_BUNDLE_IDENTIFIER = com.dengbin.Demo1;
				PRODUCT_NAME = "$(TARGET_NAME)";
				TARGETED_DEVICE_FAMILY = "1,2";
			};
			name = Debug;
		};
		F7FBCC7A223927C9008E1366 /* Release */ = {
			isa = XCBuildConfiguration;
			buildSettings = {
				ASSETCATALOG_COMPILER_APPICON_NAME = AppIcon;
				CODE_SIGN_STYLE = Automatic;
				DEVELOPMENT_TEAM = FG83S5U636;
				INFOPLIST_FILE = Demo1/Info.plist;
				IPHONEOS_DEPLOYMENT_TARGET = 8.0;
				LD_RUNPATH_SEARCH_PATHS = (
					"$(inherited)",
					"@executable_path/Frameworks",
				);
				PRODUCT_BUNDLE_IDENTIFIER = com.dengbin.Demo1;
				PRODUCT_NAME = "$(TARGET_NAME)";
				TARGETED_DEVICE_FAMILY = "1,2";
			};
			name = Release;
		};
		F7FBCC7C223927C9008E1366 /* Debug */ = {
			isa = XCBuildConfiguration;
			buildSettings = {
				BUNDLE_LOADER = "$(TEST_HOST)";
				CODE_SIGN_STYLE = Automatic;
				DEVELOPMENT_TEAM = FG83S5U636;
				INFOPLIST_FILE = Demo1Tests/Info.plist;
				LD_RUNPATH_SEARCH_PATHS = (
					"$(inherited)",
					"@executable_path/Frameworks",
					"@loader_path/Frameworks",
				);
				PRODUCT_BUNDLE_IDENTIFIER = com.dengbin.Demo1Tests;
				PRODUCT_NAME = "$(TARGET_NAME)";
				TARGETED_DEVICE_FAMILY = "1,2";
				TEST_HOST = "$(BUILT_PRODUCTS_DIR)/Demo1.app/Demo1";
			};
			name = Debug;
		};
		F7FBCC7D223927C9008E1366 /* Release */ = {
			isa = XCBuildConfiguration;
			buildSettings = {
				BUNDLE_LOADER = "$(TEST_HOST)";
				CODE_SIGN_STYLE = Automatic;
				DEVELOPMENT_TEAM = FG83S5U636;
				INFOPLIST_FILE = Demo1Tests/Info.plist;
				LD_RUNPATH_SEARCH_PATHS = (
					"$(inherited)",
					"@executable_path/Frameworks",
					"@loader_path/Frameworks",
				);
				PRODUCT_BUNDLE_IDENTIFIER = com.dengbin.Demo1Tests;
				PRODUCT_NAME = "$(TARGET_NAME)";
				TARGETED_DEVICE_FAMILY = "1,2";
				TEST_HOST = "$(BUILT_PRODUCTS_DIR)/Demo1.app/Demo1";
			};
			name = Release;
		};
		F7FBCC7F223927C9008E1366 /* Debug */ = {
			isa = XCBuildConfiguration;
			buildSettings = {
				CODE_SIGN_STYLE = Automatic;
				DEVELOPMENT_TEAM = FG83S5U636;
				INFOPLIST_FILE = Demo1UITests/Info.plist;
				LD_RUNPATH_SEARCH_PATHS = (
					"$(inherited)",
					"@executable_path/Frameworks",
					"@loader_path/Frameworks",
				);
				PRODUCT_BUNDLE_IDENTIFIER = com.dengbin.Demo1UITests;
				PRODUCT_NAME = "$(TARGET_NAME)";
				TARGETED_DEVICE_FAMILY = "1,2";
				TEST_TARGET_NAME = Demo1;
			};
			name = Debug;
		};
		F7FBCC80223927C9008E1366 /* Release */ = {
			isa = XCBuildConfiguration;
			buildSettings = {
				CODE_SIGN_STYLE = Automatic;
				DEVELOPMENT_TEAM = FG83S5U636;
				INFOPLIST_FILE = Demo1UITests/Info.plist;
				LD_RUNPATH_SEARCH_PATHS = (
					"$(inherited)",
					"@executable_path/Frameworks",
					"@loader_path/Frameworks",
				);
				PRODUCT_BUNDLE_IDENTIFIER = com.dengbin.Demo1UITests;
				PRODUCT_NAME = "$(TARGET_NAME)";
				TARGETED_DEVICE_FAMILY = "1,2";
				TEST_TARGET_NAME = Demo1;
			};
			name = Release;
		};
/* End XCBuildConfiguration section */

/* Begin XCConfigurationList section */
		F7FBCC47223927C8008E1366 /* Build configuration list for PBXProject "Demo1" */ = {
			isa = XCConfigurationList;
			buildConfigurations = (
				F7FBCC76223927C9008E1366 /* Debug */,
				F7FBCC77223927C9008E1366 /* Release */,
			);
			defaultConfigurationIsVisible = 0;
			defaultConfigurationName = Release;
		};
		F7FBCC78223927C9008E1366 /* Build configuration list for PBXNativeTarget "Demo1" */ = {
			isa = XCConfigurationList;
			buildConfigurations = (
				F7FBCC79223927C9008E1366 /* Debug */,
				F7FBCC7A223927C9008E1366 /* Release */,
			);
			defaultConfigurationIsVisible = 0;
			defaultConfigurationName = Release;
		};
		F7FBCC7B223927C9008E1366 /* Build configuration list for PBXNativeTarget "Demo1Tests" */ = {
			isa = XCConfigurationList;
			buildConfigurations = (
				F7FBCC7C223927C9008E1366 /* Debug */,
				F7FBCC7D223927C9008E1366 /* Release */,
			);
			defaultConfigurationIsVisible = 0;
			defaultConfigurationName = Release;
		};
		F7FBCC7E223927C9008E1366 /* Build configuration list for PBXNativeTarget "Demo1UITests" */ = {
			isa = XCConfigurationList;
			buildConfigurations = (
				F7FBCC7F223927C9008E1366 /* Debug */,
				F7FBCC80223927C9008E1366 /* Release */,
			);
			defaultConfigurationIsVisible = 0;
			defaultConfigurationName = Release;
		};
/* End XCConfigurationList section */
	};
	rootObject = F7FBCC44223927C8008E1366 /* Project object */;
}
